// !$*UTF8*$!
{
	archiveVersion = 1;
	classes = {
	};
	objectVersion = 46;
	objects = {

/* Begin PBXContainerItemProxy section */
		C8003BAF1B51B1FA0002F09F /* PBXContainerItemProxy */ = {
			isa = PBXContainerItemProxy;
			containerPortal = C8003BAA1B51B1F90002F09F /* RxSwift.xcodeproj */;
			proxyType = 2;
			remoteGlobalIDString = C8A56AD71AD7424700B4673B;
			remoteInfo = "RxSwift-iOS";
		};
		C8003BB11B51B1FA0002F09F /* PBXContainerItemProxy */ = {
			isa = PBXContainerItemProxy;
			containerPortal = C8003BAA1B51B1F90002F09F /* RxSwift.xcodeproj */;
			proxyType = 2;
			remoteGlobalIDString = C88BB8711B07E5ED0064D411;
			remoteInfo = "RxSwift-OSX";
		};
		C8003BB81B51B2000002F09F /* PBXContainerItemProxy */ = {
			isa = PBXContainerItemProxy;
			containerPortal = C8003BB31B51B2000002F09F /* RxCocoa.xcodeproj */;
			proxyType = 2;
			remoteGlobalIDString = C81553DE1A98AB4A00C63152;
			remoteInfo = "RxCocoa-iOS";
		};
		C8003BBA1B51B2000002F09F /* PBXContainerItemProxy */ = {
			isa = PBXContainerItemProxy;
			containerPortal = C8003BB31B51B2000002F09F /* RxCocoa.xcodeproj */;
			proxyType = 2;
			remoteGlobalIDString = C88BB88D1B07E6130064D411;
			remoteInfo = "RxCocoa-OSX";
		};
/* End PBXContainerItemProxy section */

/* Begin PBXFileReference section */
		C8003BAA1B51B1F90002F09F /* RxSwift.xcodeproj */ = {isa = PBXFileReference; lastKnownFileType = "wrapper.pb-project"; name = RxSwift.xcodeproj; path = RxSwift/RxSwift.xcodeproj; sourceTree = "<group>"; };
		C8003BB31B51B2000002F09F /* RxCocoa.xcodeproj */ = {isa = PBXFileReference; lastKnownFileType = "wrapper.pb-project"; name = RxCocoa.xcodeproj; path = RxCocoa/RxCocoa.xcodeproj; sourceTree = "<group>"; };
		C83E9D9F1B519DDF00D3ABA0 /* RxSwift.framework */ = {isa = PBXFileReference; lastKnownFileType = wrapper.framework; path = RxSwift.framework; sourceTree = BUILT_PRODUCTS_DIR; };
		C83E9DA11B519DF500D3ABA0 /* RxCocoa.framework */ = {isa = PBXFileReference; lastKnownFileType = wrapper.framework; path = RxCocoa.framework; sourceTree = BUILT_PRODUCTS_DIR; };
/* End PBXFileReference section */

/* Begin PBXGroup section */
		C8003BAB1B51B1F90002F09F /* Products */ = {
			isa = PBXGroup;
			children = (
				C8003BB01B51B1FA0002F09F /* RxSwift.framework */,
				C8003BB21B51B1FA0002F09F /* RxSwift.framework */,
			);
			name = Products;
			sourceTree = "<group>";
		};
		C8003BB41B51B2000002F09F /* Products */ = {
			isa = PBXGroup;
			children = (
				C8003BB91B51B2000002F09F /* RxCocoa.framework */,
				C8003BBB1B51B2000002F09F /* RxCocoa.framework */,
			);
			name = Products;
			sourceTree = "<group>";
		};
		C80A4E5A1B51919C00C24BD5 = {
			isa = PBXGroup;
			children = (
				C83E9DA11B519DF500D3ABA0 /* RxCocoa.framework */,
				C83E9D9F1B519DDF00D3ABA0 /* RxSwift.framework */,
				C80A4E671B5191AD00C24BD5 /* Products */,
				C8003BAA1B51B1F90002F09F /* RxSwift.xcodeproj */,
				C8003BB31B51B2000002F09F /* RxCocoa.xcodeproj */,
			);
			sourceTree = "<group>";
		};
		C80A4E671B5191AD00C24BD5 /* Products */ = {
			isa = PBXGroup;
			children = (
			);
			name = Products;
			sourceTree = "<group>";
		};
/* End PBXGroup section */

/* Begin PBXProject section */
		C80A4E5B1B51919C00C24BD5 /* Project object */ = {
			isa = PBXProject;
			attributes = {
				LastUpgradeCheck = 0640;
			};
			buildConfigurationList = C80A4E5E1B51919C00C24BD5 /* Build configuration list for PBXProject "_" */;
			compatibilityVersion = "Xcode 3.2";
			developmentRegion = English;
			hasScannedForEncodings = 0;
			knownRegions = (
				en,
			);
			mainGroup = C80A4E5A1B51919C00C24BD5;
			productRefGroup = C80A4E671B5191AD00C24BD5 /* Products */;
			projectDirPath = "";
			projectReferences = (
				{
					ProductGroup = C8003BB41B51B2000002F09F /* Products */;
					ProjectRef = C8003BB31B51B2000002F09F /* RxCocoa.xcodeproj */;
				},
				{
					ProductGroup = C8003BAB1B51B1F90002F09F /* Products */;
					ProjectRef = C8003BAA1B51B1F90002F09F /* RxSwift.xcodeproj */;
				},
			);
			projectRoot = "";
			targets = (
			);
		};
/* End PBXProject section */

/* Begin PBXReferenceProxy section */
		C8003BB01B51B1FA0002F09F /* RxSwift.framework */ = {
			isa = PBXReferenceProxy;
			fileType = wrapper.framework;
			path = RxSwift.framework;
			remoteRef = C8003BAF1B51B1FA0002F09F /* PBXContainerItemProxy */;
			sourceTree = BUILT_PRODUCTS_DIR;
		};
		C8003BB21B51B1FA0002F09F /* RxSwift.framework */ = {
			isa = PBXReferenceProxy;
			fileType = wrapper.framework;
			path = RxSwift.framework;
			remoteRef = C8003BB11B51B1FA0002F09F /* PBXContainerItemProxy */;
			sourceTree = BUILT_PRODUCTS_DIR;
		};
		C8003BB91B51B2000002F09F /* RxCocoa.framework */ = {
			isa = PBXReferenceProxy;
			fileType = wrapper.framework;
			path = RxCocoa.framework;
			remoteRef = C8003BB81B51B2000002F09F /* PBXContainerItemProxy */;
			sourceTree = BUILT_PRODUCTS_DIR;
		};
		C8003BBB1B51B2000002F09F /* RxCocoa.framework */ = {
			isa = PBXReferenceProxy;
			fileType = wrapper.framework;
			path = RxCocoa.framework;
			remoteRef = C8003BBA1B51B2000002F09F /* PBXContainerItemProxy */;
			sourceTree = BUILT_PRODUCTS_DIR;
		};
/* End PBXReferenceProxy section */

/* Begin XCBuildConfiguration section */
		C80A4E5F1B51919C00C24BD5 /* Debug */ = {
			isa = XCBuildConfiguration;
			buildSettings = {
				PRODUCT_NAME = RxSwiftCarthage;
			};
			name = Debug;
		};
		C80A4E601B51919C00C24BD5 /* Release */ = {
			isa = XCBuildConfiguration;
			buildSettings = {
				PRODUCT_NAME = RxSwiftCarthage;
			};
			name = Release;
		};
		C83E9DA71B519EA600D3ABA0 /* Release-Tests */ = {
			isa = XCBuildConfiguration;
			buildSettings = {
				PRODUCT_NAME = RxSwiftCarthage;
			};
			name = "Release-Tests";
		};
/* End XCBuildConfiguration section */

/* Begin XCConfigurationList section */
		C80A4E5E1B51919C00C24BD5 /* Build configuration list for PBXProject "_" */ = {
			isa = XCConfigurationList;
			buildConfigurations = (
				C80A4E5F1B51919C00C24BD5 /* Debug */,
				C80A4E601B51919C00C24BD5 /* Release */,
				C83E9DA71B519EA600D3ABA0 /* Release-Tests */,
			);
			defaultConfigurationIsVisible = 0;
			defaultConfigurationName = Release;
		};
/* End XCConfigurationList section */
	};
	rootObject = C80A4E5B1B51919C00C24BD5 /* Project object */;
}
